
Microsoft Visual Studio Solution File, Format Version 12.00
# Visual Studio Version 17
VisualStudioVersion = 17.7.34018.315
MinimumVisualStudioVersion = 10.0.40219.1
Project("{FAE04EC0-301F-11D3-BF4B-00C04F79EFBC}") = "ScreenSound", "ScreenSound.csproj", "{0977CFCE-8E02-42BA-9A9C-D8E43F73D444}"
EndProject
Global
	GlobalSection(SolutionConfigurationPlatforms) = preSolution
		Debug|Any CPU = Debug|Any CPU
		Release|Any CPU = Release|Any CPU
	EndGlobalSection
	GlobalSection(ProjectConfigurationPlatforms) = postSolution
		{0977CFCE-8E02-42BA-9A9C-D8E43F73D444}.Debug|Any CPU.ActiveCfg = Debug|Any CPU
		{0977CFCE-8E02-42BA-9A9C-D8E43F73D444}.Debug|Any CPU.Build.0 = Debug|Any CPU
		{0977CFCE-8E02-42BA-9A9C-D8E43F73D444}.Release|Any CPU.ActiveCfg = Release|Any CPU
		{0977CFCE-8E02-42BA-9A9C-D8E43F73D444}.Release|Any CPU.Build.0 = Release|Any CPU
	EndGlobalSection
	GlobalSection(SolutionProperties) = preSolution
		HideSolutionNode = FALSE
	EndGlobalSection
	GlobalSection(ExtensibilityGlobals) = postSolution
		SolutionGuid = {0F918EC7-A898-453B-9B29-F1FE7210D01A}
	EndGlobalSection
EndGlobal
